
Microsoft Visual Studio Solution File, Format Version 12.00
# Visual Studio Version 17
VisualStudioVersion = 17.11.35312.102
MinimumVisualStudioVersion = 10.0.40219.1
Project("{FAE04EC0-301F-11D3-BF4B-00C04F79EFBC}") = "spizirna", "spizirna\spizirna.csproj", "{C20A5990-7CB5-4DE7-B23C-F3FF47E6FFE5}"
EndProject
Global
	GlobalSection(SolutionConfigurationPlatforms) = preSolution
		Debug|Any CPU = Debug|Any CPU
		Release|Any CPU = Release|Any CPU
	EndGlobalSection
	GlobalSection(ProjectConfigurationPlatforms) = postSolution
		{C20A5990-7CB5-4DE7-B23C-F3FF47E6FFE5}.Debug|Any CPU.ActiveCfg = Debug|Any CPU
		{C20A5990-7CB5-4DE7-B23C-F3FF47E6FFE5}.Debug|Any CPU.Build.0 = Debug|Any CPU
		{C20A5990-7CB5-4DE7-B23C-F3FF47E6FFE5}.Release|Any CPU.ActiveCfg = Release|Any CPU
		{C20A5990-7CB5-4DE7-B23C-F3FF47E6FFE5}.Release|Any CPU.Build.0 = Release|Any CPU
	EndGlobalSection
	GlobalSection(SolutionProperties) = preSolution
		HideSolutionNode = FALSE
	EndGlobalSection
	GlobalSection(ExtensibilityGlobals) = postSolution
		SolutionGuid = {AD041D84-7F6B-4D7D-A442-321E65221290}
	EndGlobalSection
EndGlobal
