
Microsoft Visual Studio Solution File, Format Version 12.00
# Visual Studio Version 17
VisualStudioVersion = 17.13.35828.75 d17.13
MinimumVisualStudioVersion = 10.0.40219.1
Project("{FAE04EC0-301F-11D3-BF4B-00C04F79EFBC}") = "05_HistogramCetnosti", "05_HistogramCetnosti\05_HistogramCetnosti.csproj", "{C702598E-3A2F-4EA2-A8F7-C81C91FBE587}"
EndProject
Global
	GlobalSection(SolutionConfigurationPlatforms) = preSolution
		Debug|Any CPU = Debug|Any CPU
		Release|Any CPU = Release|Any CPU
	EndGlobalSection
	GlobalSection(ProjectConfigurationPlatforms) = postSolution
		{C702598E-3A2F-4EA2-A8F7-C81C91FBE587}.Debug|Any CPU.ActiveCfg = Debug|Any CPU
		{C702598E-3A2F-4EA2-A8F7-C81C91FBE587}.Debug|Any CPU.Build.0 = Debug|Any CPU
		{C702598E-3A2F-4EA2-A8F7-C81C91FBE587}.Release|Any CPU.ActiveCfg = Release|Any CPU
		{C702598E-3A2F-4EA2-A8F7-C81C91FBE587}.Release|Any CPU.Build.0 = Release|Any CPU
	EndGlobalSection
	GlobalSection(SolutionProperties) = preSolution
		HideSolutionNode = FALSE
	EndGlobalSection
	GlobalSection(ExtensibilityGlobals) = postSolution
		SolutionGuid = {3EEDD892-AE3B-4832-AB38-1827AA423AE2}
	EndGlobalSection
EndGlobal
