
Microsoft Visual Studio Solution File, Format Version 12.00
# Visual Studio Version 17
VisualStudioVersion = 17.13.35828.75 d17.13
MinimumVisualStudioVersion = 10.0.40219.1
Project("{FAE04EC0-301F-11D3-BF4B-00C04F79EFBC}") = "14_Pokemon", "14_Pokemon\14_Pokemon.csproj", "{A1608304-E335-4C58-AD38-133E4204ECB9}"
EndProject
Global
	GlobalSection(SolutionConfigurationPlatforms) = preSolution
		Debug|Any CPU = Debug|Any CPU
		Release|Any CPU = Release|Any CPU
	EndGlobalSection
	GlobalSection(ProjectConfigurationPlatforms) = postSolution
		{A1608304-E335-4C58-AD38-133E4204ECB9}.Debug|Any CPU.ActiveCfg = Debug|Any CPU
		{A1608304-E335-4C58-AD38-133E4204ECB9}.Debug|Any CPU.Build.0 = Debug|Any CPU
		{A1608304-E335-4C58-AD38-133E4204ECB9}.Release|Any CPU.ActiveCfg = Release|Any CPU
		{A1608304-E335-4C58-AD38-133E4204ECB9}.Release|Any CPU.Build.0 = Release|Any CPU
	EndGlobalSection
	GlobalSection(SolutionProperties) = preSolution
		HideSolutionNode = FALSE
	EndGlobalSection
	GlobalSection(ExtensibilityGlobals) = postSolution
		SolutionGuid = {DBC8D0F2-58D7-493D-B96D-5A9F4DA92F76}
	EndGlobalSection
EndGlobal
