
Microsoft Visual Studio Solution File, Format Version 12.00
# Visual Studio Version 17
VisualStudioVersion = 17.13.35828.75 d17.13
MinimumVisualStudioVersion = 10.0.40219.1
Project("{FAE04EC0-301F-11D3-BF4B-00C04F79EFBC}") = "04_StatistickeGrafy", "04_StatistickeGrafy\04_StatistickeGrafy.csproj", "{B07762FA-738F-4BEB-B03B-91F6CAE0CFDC}"
EndProject
Global
	GlobalSection(SolutionConfigurationPlatforms) = preSolution
		Debug|Any CPU = Debug|Any CPU
		Release|Any CPU = Release|Any CPU
	EndGlobalSection
	GlobalSection(ProjectConfigurationPlatforms) = postSolution
		{B07762FA-738F-4BEB-B03B-91F6CAE0CFDC}.Debug|Any CPU.ActiveCfg = Debug|Any CPU
		{B07762FA-738F-4BEB-B03B-91F6CAE0CFDC}.Debug|Any CPU.Build.0 = Debug|Any CPU
		{B07762FA-738F-4BEB-B03B-91F6CAE0CFDC}.Release|Any CPU.ActiveCfg = Release|Any CPU
		{B07762FA-738F-4BEB-B03B-91F6CAE0CFDC}.Release|Any CPU.Build.0 = Release|Any CPU
	EndGlobalSection
	GlobalSection(SolutionProperties) = preSolution
		HideSolutionNode = FALSE
	EndGlobalSection
	GlobalSection(ExtensibilityGlobals) = postSolution
		SolutionGuid = {E55A9B74-C3AA-41CB-A099-DD3C7E6C094A}
	EndGlobalSection
EndGlobal
