
Microsoft Visual Studio Solution File, Format Version 12.00
# Visual Studio Version 17
VisualStudioVersion = 17.13.35828.75 d17.13
MinimumVisualStudioVersion = 10.0.40219.1
Project("{FAE04EC0-301F-11D3-BF4B-00C04F79EFBC}") = "16_Gini", "16_Gini\16_Gini.csproj", "{B27BBAB7-AEF5-4FB2-A640-841FB62DFE6E}"
EndProject
Global
	GlobalSection(SolutionConfigurationPlatforms) = preSolution
		Debug|Any CPU = Debug|Any CPU
		Release|Any CPU = Release|Any CPU
	EndGlobalSection
	GlobalSection(ProjectConfigurationPlatforms) = postSolution
		{B27BBAB7-AEF5-4FB2-A640-841FB62DFE6E}.Debug|Any CPU.ActiveCfg = Debug|Any CPU
		{B27BBAB7-AEF5-4FB2-A640-841FB62DFE6E}.Debug|Any CPU.Build.0 = Debug|Any CPU
		{B27BBAB7-AEF5-4FB2-A640-841FB62DFE6E}.Release|Any CPU.ActiveCfg = Release|Any CPU
		{B27BBAB7-AEF5-4FB2-A640-841FB62DFE6E}.Release|Any CPU.Build.0 = Release|Any CPU
	EndGlobalSection
	GlobalSection(SolutionProperties) = preSolution
		HideSolutionNode = FALSE
	EndGlobalSection
	GlobalSection(ExtensibilityGlobals) = postSolution
		SolutionGuid = {C2A4B8C3-DC4E-4D3E-BCA7-F94337D9A3BA}
	EndGlobalSection
EndGlobal
