
Microsoft Visual Studio Solution File, Format Version 12.00
# Visual Studio Version 17
VisualStudioVersion = 17.13.35828.75 d17.13
MinimumVisualStudioVersion = 10.0.40219.1
Project("{FAE04EC0-301F-11D3-BF4B-00C04F79EFBC}") = "06_ObrazoveUpravy", "06_ObrazoveUpravy\06_ObrazoveUpravy.csproj", "{181F0C05-A769-4C6A-A80E-3FC7E42DF62A}"
EndProject
Global
	GlobalSection(SolutionConfigurationPlatforms) = preSolution
		Debug|Any CPU = Debug|Any CPU
		Release|Any CPU = Release|Any CPU
	EndGlobalSection
	GlobalSection(ProjectConfigurationPlatforms) = postSolution
		{181F0C05-A769-4C6A-A80E-3FC7E42DF62A}.Debug|Any CPU.ActiveCfg = Debug|Any CPU
		{181F0C05-A769-4C6A-A80E-3FC7E42DF62A}.Debug|Any CPU.Build.0 = Debug|Any CPU
		{181F0C05-A769-4C6A-A80E-3FC7E42DF62A}.Release|Any CPU.ActiveCfg = Release|Any CPU
		{181F0C05-A769-4C6A-A80E-3FC7E42DF62A}.Release|Any CPU.Build.0 = Release|Any CPU
	EndGlobalSection
	GlobalSection(SolutionProperties) = preSolution
		HideSolutionNode = FALSE
	EndGlobalSection
	GlobalSection(ExtensibilityGlobals) = postSolution
		SolutionGuid = {787C9BC7-0619-42F2-A800-18303C67AB20}
	EndGlobalSection
EndGlobal
