
Microsoft Visual Studio Solution File, Format Version 12.00
# Visual Studio Version 17
VisualStudioVersion = 17.11.35312.102
MinimumVisualStudioVersion = 10.0.40219.1
Project("{FAE04EC0-301F-11D3-BF4B-00C04F79EFBC}") = "01_AnalyzaCisla", "01_AnalyzaCisla\01_AnalyzaCisla.csproj", "{F852642B-E118-47DB-8BF0-742121A75D1F}"
EndProject
Global
	GlobalSection(SolutionConfigurationPlatforms) = preSolution
		Debug|Any CPU = Debug|Any CPU
		Release|Any CPU = Release|Any CPU
	EndGlobalSection
	GlobalSection(ProjectConfigurationPlatforms) = postSolution
		{F852642B-E118-47DB-8BF0-742121A75D1F}.Debug|Any CPU.ActiveCfg = Debug|Any CPU
		{F852642B-E118-47DB-8BF0-742121A75D1F}.Debug|Any CPU.Build.0 = Debug|Any CPU
		{F852642B-E118-47DB-8BF0-742121A75D1F}.Release|Any CPU.ActiveCfg = Release|Any CPU
		{F852642B-E118-47DB-8BF0-742121A75D1F}.Release|Any CPU.Build.0 = Release|Any CPU
	EndGlobalSection
	GlobalSection(SolutionProperties) = preSolution
		HideSolutionNode = FALSE
	EndGlobalSection
	GlobalSection(ExtensibilityGlobals) = postSolution
		SolutionGuid = {BF18FA29-BF0E-4B13-A23F-BE01B7E383B9}
	EndGlobalSection
EndGlobal
