
Microsoft Visual Studio Solution File, Format Version 12.00
# Visual Studio Version 17
VisualStudioVersion = 17.13.35828.75 d17.13
MinimumVisualStudioVersion = 10.0.40219.1
Project("{FAE04EC0-301F-11D3-BF4B-00C04F79EFBC}") = "12_UnitTesting", "12_UnitTesting\12_UnitTesting.csproj", "{A5B99759-B497-4F8E-BA11-3714D731016F}"
EndProject
Project("{FAE04EC0-301F-11D3-BF4B-00C04F79EFBC}") = "12_UnitTestingTests", "12_UnitTestingTests\12_UnitTestingTests.csproj", "{99E72A41-DBE9-4596-A70D-B09EE7BCF7F7}"
EndProject
Global
	GlobalSection(SolutionConfigurationPlatforms) = preSolution
		Debug|Any CPU = Debug|Any CPU
		Release|Any CPU = Release|Any CPU
	EndGlobalSection
	GlobalSection(ProjectConfigurationPlatforms) = postSolution
		{A5B99759-B497-4F8E-BA11-3714D731016F}.Debug|Any CPU.ActiveCfg = Debug|Any CPU
		{A5B99759-B497-4F8E-BA11-3714D731016F}.Debug|Any CPU.Build.0 = Debug|Any CPU
		{A5B99759-B497-4F8E-BA11-3714D731016F}.Release|Any CPU.ActiveCfg = Release|Any CPU
		{A5B99759-B497-4F8E-BA11-3714D731016F}.Release|Any CPU.Build.0 = Release|Any CPU
		{99E72A41-DBE9-4596-A70D-B09EE7BCF7F7}.Debug|Any CPU.ActiveCfg = Debug|Any CPU
		{99E72A41-DBE9-4596-A70D-B09EE7BCF7F7}.Debug|Any CPU.Build.0 = Debug|Any CPU
		{99E72A41-DBE9-4596-A70D-B09EE7BCF7F7}.Release|Any CPU.ActiveCfg = Release|Any CPU
		{99E72A41-DBE9-4596-A70D-B09EE7BCF7F7}.Release|Any CPU.Build.0 = Release|Any CPU
	EndGlobalSection
	GlobalSection(SolutionProperties) = preSolution
		HideSolutionNode = FALSE
	EndGlobalSection
	GlobalSection(ExtensibilityGlobals) = postSolution
		SolutionGuid = {C4F9D353-7A71-4E82-9269-DD194B7BA082}
	EndGlobalSection
EndGlobal
