
Microsoft Visual Studio Solution File, Format Version 12.00
# Visual Studio Version 17
VisualStudioVersion = 17.7.34202.233
MinimumVisualStudioVersion = 10.0.40219.1
Project("{9A19103F-16F7-4668-BE54-9A1E7A4F7556}") = "UnitTesting", "UnitTesting\UnitTesting.csproj", "{C0910F8F-49AF-44CD-AFE7-FDC685762082}"
EndProject
Project("{FAE04EC0-301F-11D3-BF4B-00C04F79EFBC}") = "UnitTestingTests1", "UnitTestingTests1\UnitTestingTests1.csproj", "{1C30BB9A-511E-4C86-B52D-569F07E5E141}"
EndProject
Global
	GlobalSection(SolutionConfigurationPlatforms) = preSolution
		Debug|Any CPU = Debug|Any CPU
		Release|Any CPU = Release|Any CPU
	EndGlobalSection
	GlobalSection(ProjectConfigurationPlatforms) = postSolution
		{C0910F8F-49AF-44CD-AFE7-FDC685762082}.Debug|Any CPU.ActiveCfg = Debug|Any CPU
		{C0910F8F-49AF-44CD-AFE7-FDC685762082}.Debug|Any CPU.Build.0 = Debug|Any CPU
		{C0910F8F-49AF-44CD-AFE7-FDC685762082}.Release|Any CPU.ActiveCfg = Release|Any CPU
		{C0910F8F-49AF-44CD-AFE7-FDC685762082}.Release|Any CPU.Build.0 = Release|Any CPU
		{1C30BB9A-511E-4C86-B52D-569F07E5E141}.Debug|Any CPU.ActiveCfg = Debug|Any CPU
		{1C30BB9A-511E-4C86-B52D-569F07E5E141}.Debug|Any CPU.Build.0 = Debug|Any CPU
		{1C30BB9A-511E-4C86-B52D-569F07E5E141}.Release|Any CPU.ActiveCfg = Release|Any CPU
		{1C30BB9A-511E-4C86-B52D-569F07E5E141}.Release|Any CPU.Build.0 = Release|Any CPU
	EndGlobalSection
	GlobalSection(SolutionProperties) = preSolution
		HideSolutionNode = FALSE
	EndGlobalSection
	GlobalSection(ExtensibilityGlobals) = postSolution
		SolutionGuid = {82714E9B-5BD5-48B2-9421-DB8B91258857}
	EndGlobalSection
EndGlobal
