
Microsoft Visual Studio Solution File, Format Version 12.00
# Visual Studio Version 17
VisualStudioVersion = 17.11.35312.102
MinimumVisualStudioVersion = 10.0.40219.1
Project("{FAE04EC0-301F-11D3-BF4B-00C04F79EFBC}") = "03_CisteniDat", "03_CisteniDat\03_CisteniDat.csproj", "{EABB661B-E98A-470D-9287-0D78317C817C}"
EndProject
Global
	GlobalSection(SolutionConfigurationPlatforms) = preSolution
		Debug|Any CPU = Debug|Any CPU
		Release|Any CPU = Release|Any CPU
	EndGlobalSection
	GlobalSection(ProjectConfigurationPlatforms) = postSolution
		{EABB661B-E98A-470D-9287-0D78317C817C}.Debug|Any CPU.ActiveCfg = Debug|Any CPU
		{EABB661B-E98A-470D-9287-0D78317C817C}.Debug|Any CPU.Build.0 = Debug|Any CPU
		{EABB661B-E98A-470D-9287-0D78317C817C}.Release|Any CPU.ActiveCfg = Release|Any CPU
		{EABB661B-E98A-470D-9287-0D78317C817C}.Release|Any CPU.Build.0 = Release|Any CPU
	EndGlobalSection
	GlobalSection(SolutionProperties) = preSolution
		HideSolutionNode = FALSE
	EndGlobalSection
	GlobalSection(ExtensibilityGlobals) = postSolution
		SolutionGuid = {D31FBFD5-5B2A-4921-A1C2-8A73234B6DBF}
	EndGlobalSection
EndGlobal
